
Microsoft Visual Studio Solution File, Format Version 12.00
# Visual Studio 15
VisualStudioVersion = 15.0.28307.168
MinimumVisualStudioVersion = 10.0.40219.1
Project("{FAE04EC0-301F-11D3-BF4B-00C04F79EFBC}") = "C0731773", "C0731773\C0731773.csproj", "{E42EB56B-8EB2-4130-B45E-52DF1A4C86CC}"
EndProject
Global
	GlobalSection(SolutionConfigurationPlatforms) = preSolution
		Debug|Any CPU = Debug|Any CPU
		Release|Any CPU = Release|Any CPU
	EndGlobalSection
	GlobalSection(ProjectConfigurationPlatforms) = postSolution
		{E42EB56B-8EB2-4130-B45E-52DF1A4C86CC}.Debug|Any CPU.ActiveCfg = Debug|Any CPU
		{E42EB56B-8EB2-4130-B45E-52DF1A4C86CC}.Debug|Any CPU.Build.0 = Debug|Any CPU
		{E42EB56B-8EB2-4130-B45E-52DF1A4C86CC}.Release|Any CPU.ActiveCfg = Release|Any CPU
		{E42EB56B-8EB2-4130-B45E-52DF1A4C86CC}.Release|Any CPU.Build.0 = Release|Any CPU
	EndGlobalSection
	GlobalSection(SolutionProperties) = preSolution
		HideSolutionNode = FALSE
	EndGlobalSection
	GlobalSection(ExtensibilityGlobals) = postSolution
		SolutionGuid = {3B6BE95E-CA14-4C94-A935-063AB2BDF058}
	EndGlobalSection
EndGlobal
